
Microsoft Visual Studio Solution File, Format Version 12.00
# Visual Studio Version 16
VisualStudioVersion = 16.0.31729.503
MinimumVisualStudioVersion = 10.0.40219.1
Project("{FAE04EC0-301F-11D3-BF4B-00C04F79EFBC}") = "ArduinoController", "Arduino_Controller\ArduinoController.csproj", "{1C73901B-D288-403F-9249-475BE341AFEF}"
EndProject
Global
	GlobalSection(SolutionConfigurationPlatforms) = preSolution
		Debug|Any CPU = Debug|Any CPU
		Release|Any CPU = Release|Any CPU
	EndGlobalSection
	GlobalSection(ProjectConfigurationPlatforms) = postSolution
		{1C73901B-D288-403F-9249-475BE341AFEF}.Debug|Any CPU.ActiveCfg = Debug|Any CPU
		{1C73901B-D288-403F-9249-475BE341AFEF}.Debug|Any CPU.Build.0 = Debug|Any CPU
		{1C73901B-D288-403F-9249-475BE341AFEF}.Release|Any CPU.ActiveCfg = Release|Any CPU
		{1C73901B-D288-403F-9249-475BE341AFEF}.Release|Any CPU.Build.0 = Release|Any CPU
	EndGlobalSection
	GlobalSection(SolutionProperties) = preSolution
		HideSolutionNode = FALSE
	EndGlobalSection
	GlobalSection(ExtensibilityGlobals) = postSolution
		SolutionGuid = {E553B87F-7CDA-41A4-A824-30D926C758AA}
	EndGlobalSection
EndGlobal
